<?xml version="1.0" encoding="UTF-8"?>
<Solution>
	<Configurations>
		<BuildType Name="Debug"/>
		<BuildType Name="Release"/>
		<BuildType Name="MinSizeRel"/>
		<BuildType Name="RelWithDebInfo"/>
		<Platform Name="x64"/>
	</Configurations>
	<Project Path="ALL_BUILD.vcxproj" Type="8bc9ceb8-8b4a-11d0-8d11-00a0c91bc942" Id="14a39750-0b86-3c19-984a-e08e95c07441" DefaultStartup="true">
		<BuildDependency Project="ZERO_CHECK.vcxproj"/>
		<BuildDependency Project="_deps/googletest-build/googlemock/gmock.vcxproj"/>
		<BuildDependency Project="_deps/googletest-build/googlemock/gmock_main.vcxproj"/>
		<BuildDependency Project="_deps/googletest-build/googletest/gtest.vcxproj"/>
		<BuildDependency Project="_deps/googletest-build/googletest/gtest_main.vcxproj"/>
		<BuildDependency Project="src/ui/reji_app.vcxproj"/>
		<BuildDependency Project="src/ffi/reji_ffi.vcxproj"/>
		<BuildDependency Project="src/pipeline/reji_pipeline.vcxproj"/>
		<BuildDependency Project="src/ui/reji_ui.vcxproj"/>
		<BuildDependency Project="tests/test_ffi_boundary.vcxproj"/>
		<BuildDependency Project="tests/test_frame_profiler.vcxproj"/>
		<BuildDependency Project="tests/test_shader_cache.vcxproj"/>
	</Project>
	<Project Path="INSTALL.vcxproj" Type="8bc9ceb8-8b4a-11d0-8d11-00a0c91bc942" Id="47bf9d1d-54bc-33a9-aaf6-a326a8078d3f">
		<BuildDependency Project="ALL_BUILD.vcxproj"/>
		<BuildDependency Project="ZERO_CHECK.vcxproj"/>
		<Build Solution="Debug|*" Project="false"/>
		<Build Solution="Release|*" Project="false"/>
		<Build Solution="MinSizeRel|*" Project="false"/>
		<Build Solution="RelWithDebInfo|*" Project="false"/>
	</Project>
	<Project Path="RUN_TESTS.vcxproj" Type="8bc9ceb8-8b4a-11d0-8d11-00a0c91bc942" Id="8ab3751b-e8e6-3b09-a6be-b4ad6cd1e297">
		<BuildDependency Project="ZERO_CHECK.vcxproj"/>
		<Build Solution="Debug|*" Project="false"/>
		<Build Solution="Release|*" Project="false"/>
		<Build Solution="MinSizeRel|*" Project="false"/>
		<Build Solution="RelWithDebInfo|*" Project="false"/>
	</Project>
	<Project Path="ZERO_CHECK.vcxproj" Type="8bc9ceb8-8b4a-11d0-8d11-00a0c91bc942" Id="db52b756-a21a-37f1-a6ab-2b69043d29e2"/>
	<Project Path="_deps/googletest-build/googlemock/gmock.vcxproj" Type="8bc9ceb8-8b4a-11d0-8d11-00a0c91bc942" Id="46875f36-cbb0-3409-9531-be8dad97f7a5">
		<BuildDependency Project="ZERO_CHECK.vcxproj"/>
	</Project>
	<Project Path="_deps/googletest-build/googlemock/gmock_main.vcxproj" Type="8bc9ceb8-8b4a-11d0-8d11-00a0c91bc942" Id="cc9448df-02c2-3543-9e29-bcf5ecf41f79">
		<BuildDependency Project="ZERO_CHECK.vcxproj"/>
	</Project>
	<Project Path="_deps/googletest-build/googletest/gtest.vcxproj" Type="8bc9ceb8-8b4a-11d0-8d11-00a0c91bc942" Id="e64d494e-41bb-3736-a9f4-078519600165">
		<BuildDependency Project="ZERO_CHECK.vcxproj"/>
	</Project>
	<Project Path="_deps/googletest-build/googletest/gtest_main.vcxproj" Type="8bc9ceb8-8b4a-11d0-8d11-00a0c91bc942" Id="ec4a2421-6220-3d80-89ca-a1ea8f894e86">
		<BuildDependency Project="ZERO_CHECK.vcxproj"/>
		<BuildDependency Project="_deps/googletest-build/googletest/gtest.vcxproj"/>
	</Project>
	<Project Path="src/ui/reji_app.vcxproj" Type="8bc9ceb8-8b4a-11d0-8d11-00a0c91bc942" Id="4c9484b8-642d-3db7-aa48-a093e1783668">
		<BuildDependency Project="ZERO_CHECK.vcxproj"/>
		<BuildDependency Project="src/ffi/reji_ffi.vcxproj"/>
		<BuildDependency Project="src/pipeline/reji_pipeline.vcxproj"/>
		<BuildDependency Project="src/ui/reji_ui.vcxproj"/>
	</Project>
	<Project Path="src/ffi/reji_ffi.vcxproj" Type="8bc9ceb8-8b4a-11d0-8d11-00a0c91bc942" Id="fa2b17fb-1aa5-3dea-9d16-a0660a567625">
		<BuildDependency Project="ZERO_CHECK.vcxproj"/>
	</Project>
	<Project Path="src/pipeline/reji_pipeline.vcxproj" Type="8bc9ceb8-8b4a-11d0-8d11-00a0c91bc942" Id="786b7969-46e3-3de9-8708-ae33cd783c40">
		<BuildDependency Project="ZERO_CHECK.vcxproj"/>
	</Project>
	<Project Path="src/ui/reji_ui.vcxproj" Type="8bc9ceb8-8b4a-11d0-8d11-00a0c91bc942" Id="1b658b22-533d-332f-aaf1-9a14dd2eb336">
		<BuildDependency Project="ZERO_CHECK.vcxproj"/>
		<BuildDependency Project="src/pipeline/reji_pipeline.vcxproj"/>
	</Project>
	<Project Path="tests/test_ffi_boundary.vcxproj" Type="8bc9ceb8-8b4a-11d0-8d11-00a0c91bc942" Id="8297f812-aeea-3b60-a356-73aac134f0f6">
		<BuildDependency Project="ZERO_CHECK.vcxproj"/>
		<BuildDependency Project="src/ffi/reji_ffi.vcxproj"/>
	</Project>
	<Project Path="tests/test_frame_profiler.vcxproj" Type="8bc9ceb8-8b4a-11d0-8d11-00a0c91bc942" Id="a6836af6-6d2a-3e4b-878b-24890528735b">
		<BuildDependency Project="ZERO_CHECK.vcxproj"/>
		<BuildDependency Project="_deps/googletest-build/googletest/gtest.vcxproj"/>
		<BuildDependency Project="_deps/googletest-build/googletest/gtest_main.vcxproj"/>
		<BuildDependency Project="src/pipeline/reji_pipeline.vcxproj"/>
	</Project>
	<Project Path="tests/test_shader_cache.vcxproj" Type="8bc9ceb8-8b4a-11d0-8d11-00a0c91bc942" Id="13631bc6-72de-3e7e-9317-946be6f12683">
		<BuildDependency Project="ZERO_CHECK.vcxproj"/>
		<BuildDependency Project="_deps/googletest-build/googletest/gtest.vcxproj"/>
		<BuildDependency Project="_deps/googletest-build/googletest/gtest_main.vcxproj"/>
		<BuildDependency Project="src/pipeline/reji_pipeline.vcxproj"/>
		<BuildDependency Project="src/ui/reji_ui.vcxproj"/>
	</Project>
</Solution>
