<?xml version="1.0" encoding="utf-8"?>
<Project ToolsVersion="18.0" xmlns="http://schemas.microsoft.com/developer/msbuild/2003">
  <ItemGroup>
    <ClCompile Include="C:\reji-studio\build_debug\src\ui\reji_ui_autogen\mocs_compilation_Debug.cpp">
      <Filter>Source Files</Filter>
    </ClCompile>
    <ClCompile Include="C:\reji-studio\src\ui\main_window.cpp">
      <Filter>Source Files</Filter>
    </ClCompile>
    <ClCompile Include="C:\reji-studio\src\ui\preview_widget.cpp">
      <Filter>Source Files</Filter>
    </ClCompile>
    <ClCompile Include="C:\reji-studio\src\ui\program_widget.cpp">
      <Filter>Source Files</Filter>
    </ClCompile>
    <ClCompile Include="C:\reji-studio\src\ui\rust_bridge.cpp">
      <Filter>Source Files</Filter>
    </ClCompile>
    <ClCompile Include="C:\reji-studio\src\ui\healing_overlay.cpp">
      <Filter>Source Files</Filter>
    </ClCompile>
    <ClCompile Include="C:\reji-studio\src\ui\settings_dialog.cpp">
      <Filter>Source Files</Filter>
    </ClCompile>
    <ClCompile Include="C:\reji-studio\src\ui\render_capability.cpp">
      <Filter>Source Files</Filter>
    </ClCompile>
    <ClCompile Include="C:\reji-studio\src\ui\shader_cache.cpp">
      <Filter>Source Files</Filter>
    </ClCompile>
    <ClCompile Include="C:\reji-studio\src\ui\vulkan_render_path.cpp">
      <Filter>Source Files</Filter>
    </ClCompile>
    <ClCompile Include="C:\reji-studio\src\ui\qrhi_window_wrapper.cpp">
      <Filter>Source Files</Filter>
    </ClCompile>
    <ClCompile Include="C:\reji-studio\build_debug\src\ui\reji_ui_autogen\mocs_compilation_Release.cpp">
      <Filter>Source Files</Filter>
    </ClCompile>
    <ClCompile Include="C:\reji-studio\build_debug\src\ui\reji_ui_autogen\mocs_compilation_MinSizeRel.cpp">
      <Filter>Source Files</Filter>
    </ClCompile>
    <ClCompile Include="C:\reji-studio\build_debug\src\ui\reji_ui_autogen\mocs_compilation_RelWithDebInfo.cpp">
      <Filter>Source Files</Filter>
    </ClCompile>
  </ItemGroup>
  <ItemGroup>
    <CustomBuild Include="C:\reji-studio\src\ui\CMakeLists.txt" />
  </ItemGroup>
  <ItemGroup>
    <Filter Include="Source Files">
      <UniqueIdentifier>{B61B8CD2-998F-3E0A-8586-6DB69B978D7B}</UniqueIdentifier>
    </Filter>
  </ItemGroup>
</Project>
